
Microsoft Visual Studio Solution File, Format Version 12.00
# Visual Studio Version 17
VisualStudioVersion = 17.4.33213.308
MinimumVisualStudioVersion = 10.0.40219.1
Project("{FAE04EC0-301F-11D3-BF4B-00C04F79EFBC}") = "Api", "Api\Api.csproj", "{AE8A54E9-3AE5-4089-BD88-DA0DCA2396BD}"
EndProject
Global
	GlobalSection(SolutionConfigurationPlatforms) = preSolution
		Debug|Any CPU = Debug|Any CPU
		Release|Any CPU = Release|Any CPU
	EndGlobalSection
	GlobalSection(ProjectConfigurationPlatforms) = postSolution
		{AE8A54E9-3AE5-4089-BD88-DA0DCA2396BD}.Debug|Any CPU.ActiveCfg = Debug|Any CPU
		{AE8A54E9-3AE5-4089-BD88-DA0DCA2396BD}.Debug|Any CPU.Build.0 = Debug|Any CPU
		{AE8A54E9-3AE5-4089-BD88-DA0DCA2396BD}.Release|Any CPU.ActiveCfg = Release|Any CPU
		{AE8A54E9-3AE5-4089-BD88-DA0DCA2396BD}.Release|Any CPU.Build.0 = Release|Any CPU
	EndGlobalSection
	GlobalSection(SolutionProperties) = preSolution
		HideSolutionNode = FALSE
	EndGlobalSection
	GlobalSection(ExtensibilityGlobals) = postSolution
		SolutionGuid = {C1D998C5-8F73-4E48-95EC-E08BABBB321A}
	EndGlobalSection
EndGlobal
